# This is a Gradle generated file for dependency locking.
# Manual edits can break the build and are not advised.
# This file is expected to be part of source control.
org.jetbrains.kotlin:kotlin-build-tools-api:2.3.20=kotlinBuildToolsApiClasspath,kotlinCompilerClasspath
org.jetbrains.kotlin:kotlin-build-tools-compat:2.3.20=kotlinBuildToolsApiClasspath,kotlinCompilerClasspath
org.jetbrains.kotlin:kotlin-build-tools-cri-impl:2.3.20=kotlinBuildToolsApiClasspath,kotlinCompilerClasspath
org.jetbrains.kotlin:kotlin-build-tools-impl:2.3.20=kotlinBuildToolsApiClasspath,kotlinCompilerClasspath
org.jetbrains.kotlin:kotlin-compiler-embeddable:2.3.20=kotlinBuildToolsApiClasspath,kotlinCompilerClasspath,kotlinKlibCommonizerClasspath
org.jetbrains.kotlin:kotlin-compiler-runner:2.3.20=kotlinBuildToolsApiClasspath,kotlinCompilerClasspath
org.jetbrains.kotlin:kotlin-daemon-client:2.3.20=kotlinBuildToolsApiClasspath,kotlinCompilerClasspath
org.jetbrains.kotlin:kotlin-daemon-embeddable:2.3.20=kotlinBuildToolsApiClasspath,kotlinCompilerClasspath,kotlinKlibCommonizerClasspath
org.jetbrains.kotlin:kotlin-dom-api-compat:2.3.20=allSourceSetsCompileDependenciesMetadata,jsCompileClasspath,jsNpmAggregated,jsTestNpmAggregated
org.jetbrains.kotlin:kotlin-klib-commonizer-embeddable:2.3.20=kotlinKlibCommonizerClasspath
org.jetbrains.kotlin:kotlin-native-prebuilt:2.3.20=kotlinNativeBundleConfiguration
org.jetbrains.kotlin:kotlin-reflect:1.6.10=kotlinBuildToolsApiClasspath,kotlinCompilerClasspath,kotlinKlibCommonizerClasspath
org.jetbrains.kotlin:kotlin-script-runtime:2.3.20=kotlinBuildToolsApiClasspath,kotlinCompilerClasspath,kotlinCompilerPluginClasspathAndroidDebug,kotlinCompilerPluginClasspathAndroidRelease,kotlinCompilerPluginClasspathJsMain,kotlinCompilerPluginClasspathJvmMain,kotlinCompilerPluginClasspathMetadataCommonMain,kotlinKlibCommonizerClasspath
org.jetbrains.kotlin:kotlin-scripting-common:2.3.20=kotlinCompilerPluginClasspathAndroidDebug,kotlinCompilerPluginClasspathAndroidRelease,kotlinCompilerPluginClasspathJsMain,kotlinCompilerPluginClasspathJvmMain,kotlinCompilerPluginClasspathMetadataCommonMain
org.jetbrains.kotlin:kotlin-scripting-compiler-embeddable:2.3.20=kotlinCompilerPluginClasspathAndroidDebug,kotlinCompilerPluginClasspathAndroidRelease,kotlinCompilerPluginClasspathJsMain,kotlinCompilerPluginClasspathJvmMain,kotlinCompilerPluginClasspathMetadataCommonMain
org.jetbrains.kotlin:kotlin-scripting-compiler-impl-embeddable:2.3.20=kotlinCompilerPluginClasspathAndroidDebug,kotlinCompilerPluginClasspathAndroidRelease,kotlinCompilerPluginClasspathJsMain,kotlinCompilerPluginClasspathJvmMain,kotlinCompilerPluginClasspathMetadataCommonMain
org.jetbrains.kotlin:kotlin-scripting-jvm:2.3.20=kotlinCompilerPluginClasspathAndroidDebug,kotlinCompilerPluginClasspathAndroidRelease,kotlinCompilerPluginClasspathJsMain,kotlinCompilerPluginClasspathJvmMain,kotlinCompilerPluginClasspathMetadataCommonMain
org.jetbrains.kotlin:kotlin-stdlib-js:2.3.20=jsCompileClasspath,jsNpmAggregated,jsTestNpmAggregated
org.jetbrains.kotlin:kotlin-stdlib:2.3.20=allSourceSetsCompileDependenciesMetadata,commonMainResolvableDependenciesMetadata,debugAndroidTestCompileClasspath,debugAndroidTestRuntimeClasspath,debugCompileClasspath,debugRuntimeClasspath,debugUnitTestCompileClasspath,debugUnitTestRuntimeClasspath,iosArm64CompilationDependenciesMetadata,iosArm64CompileKlibraries,iosArm64TestCompileKlibraries,iosSimulatorArm64CompilationDependenciesMetadata,iosSimulatorArm64CompileKlibraries,iosSimulatorArm64TestCompileKlibraries,iosX64CompilationDependenciesMetadata,iosX64CompileKlibraries,iosX64TestCompileKlibraries,jsCompileClasspath,jsNpmAggregated,jsTestNpmAggregated,jvmCompileClasspath,kotlinBuildToolsApiClasspath,kotlinCompilerClasspath,kotlinCompilerPluginClasspathAndroidDebug,kotlinCompilerPluginClasspathAndroidRelease,kotlinCompilerPluginClasspathJsMain,kotlinCompilerPluginClasspathJvmMain,kotlinCompilerPluginClasspathMetadataCommonMain,kotlinKlibCommonizerClasspath,metadataAppleMainCompileClasspath,metadataIosMainCompileClasspath,metadataNativeMainCompileClasspath,releaseCompileClasspath,releaseRuntimeClasspath,releaseUnitTestRuntimeClasspath
org.jetbrains.kotlin:kotlin-tooling-core:2.3.20=kotlinBuildToolsApiClasspath,kotlinCompilerClasspath
org.jetbrains.kotlinx:kotlinx-coroutines-core-jvm:1.8.0=kotlinBuildToolsApiClasspath,kotlinCompilerClasspath,kotlinKlibCommonizerClasspath
org.jetbrains:annotations:13.0=debugAndroidTestCompileClasspath,debugAndroidTestRuntimeClasspath,debugCompileClasspath,debugRuntimeClasspath,debugUnitTestCompileClasspath,debugUnitTestRuntimeClasspath,jvmCompileClasspath,kotlinBuildToolsApiClasspath,kotlinCompilerClasspath,kotlinCompilerPluginClasspathAndroidDebug,kotlinCompilerPluginClasspathAndroidRelease,kotlinCompilerPluginClasspathJsMain,kotlinCompilerPluginClasspathJvmMain,kotlinCompilerPluginClasspathMetadataCommonMain,kotlinKlibCommonizerClasspath,releaseCompileClasspath,releaseRuntimeClasspath,releaseUnitTestRuntimeClasspath
empty=androidApis,appleMainResolvableDependenciesMetadata,debugAnnotationProcessorClasspath,debugUnitTestAnnotationProcessorClasspath,iosMainResolvableDependenciesMetadata,kotlinCompilerPluginClasspathIosArm64Main,kotlinCompilerPluginClasspathIosSimulatorArm64Main,kotlinCompilerPluginClasspathIosX64Main,kotlinScriptDefExtensions,lintChecks,lintPublish,nativeMainResolvableDependenciesMetadata,releaseAnnotationProcessorClasspath,releaseUnitTestAnnotationProcessorClasspath,testKotlinScriptDefExtensions
